{
  "name": "biojuho-projects",
  "version": "1.0.0",
  "lockfileVersion": 3,
  "requires": true,
  "packages": {
    "": {
      "name": "biojuho-projects",
      "version": "1.0.0",
      "dependencies": {
        "playwright": "^1.60.0"
      },
      "devDependencies": {
        "@playwright/test": "^1.60.0",
        "turbo": "^2.10.4"
      }
    },
    "node_modules/@playwright/test": {
      "version": "1.60.0",
      "resolved": "https://registry.npmjs.org/@playwright/test/-/test-1.60.0.tgz",
      "integrity": "sha512-O71yZIbAh/PxDMNGns37GHBIfrVkEVyn+AXyIa5dOTfb4/xNvRWV+Vv/NMbNCtODB/pO7vLlF2OTmMVLhmr7Ag==",
      "dev": true,
      "license": "Apache-2.0",
      "dependencies": {
        "playwright": "1.60.0"
      },
      "bin": {
        "playwright": "cli.js"
      },
      "engines": {
        "node": ">=18"
      }
    },
    "node_modules/@turbo/darwin-64": {
      "version": "2.10.4",
      "resolved": "https://registry.npmjs.org/@turbo/darwin-64/-/darwin-64-2.10.4.tgz",
      "integrity": "sha512-m1MUEI4MJ69r5CwfMYxmHi0H0rrgiYCBOp0tgBZ9x/YVvOb5uu/lRIDyDwdtH054R2yWeQaIigUGu6aCX9f8cA==",
      "cpu": [
        "x64"
      ],
      "dev": true,
      "license": "MIT",
      "optional": true,
      "os": [
        "darwin"
      ]
    },
    "node_modules/@turbo/darwin-arm64": {
      "version": "2.10.4",
      "resolved": "https://registry.npmjs.org/@turbo/darwin-arm64/-/darwin-arm64-2.10.4.tgz",
      "integrity": "sha512-VQ1Yxs5zkPT+2z7t1P4mvn6JmcKLkOCAsPuK9XbOvuVj0DlTlETfIXNisX0771v/vTWHOQqiwoGi+TtAUq8efw==",
      "cpu": [
        "arm64"
      ],
      "dev": true,
      "license": "MIT",
      "optional": true,
      "os": [
        "darwin"
      ]
    },
    "node_modules/@turbo/linux-64": {
      "version": "2.10.4",
      "resolved": "https://registry.npmjs.org/@turbo/linux-64/-/linux-64-2.10.4.tgz",
      "integrity": "sha512-IzV1QovmwX7mfGnVinmE++2IB8tbeo38weltiuH5zNqwCTBjLs/DytyRKx+bmnhHdXIq9SheR8p0Nip/LBUPHg==",
      "cpu": [
        "x64"
      ],
      "dev": true,
      "license": "MIT",
      "optional": true,
      "os": [
        "linux"
      ]
    },
    "node_modules/@turbo/linux-arm64": {
      "version": "2.10.4",
      "resolved": "https://registry.npmjs.org/@turbo/linux-arm64/-/linux-arm64-2.10.4.tgz",
      "integrity": "sha512-rfujSQkP5aYiRn0PgTM7F00WkJCP/bKDVZbOx3WmrZwa/vHA0bplhCl328kpX7VI9HH2vI90ISGwuSVgJgoqTw==",
      "cpu": [
        "arm64"
      ],
      "dev": true,
      "license": "MIT",
      "optional": true,
      "os": [
        "linux"
      ]
    },
    "node_modules/@turbo/windows-64": {
      "version": "2.10.4",
      "resolved": "https://registry.npmjs.org/@turbo/windows-64/-/windows-64-2.10.4.tgz",
      "integrity": "sha512-NnspP7Wd5fa3Wwnqv9bKfhegqZzuHBgbPxdZU/idTLQcazx/vgKu95JlCx2YHY0hdvKCnPcARrDwM+KEUmaO7A==",
      "cpu": [
        "x64"
      ],
      "dev": true,
      "license": "MIT",
      "optional": true,
      "os": [
        "win32"
      ]
    },
    "node_modules/@turbo/windows-arm64": {
      "version": "2.10.4",
      "resolved": "https://registry.npmjs.org/@turbo/windows-arm64/-/windows-arm64-2.10.4.tgz",
      "integrity": "sha512-Iv02YgOpaEShc2OkG7mgCJ2pEw1RUKiKbs0h8W5wAf4jZ5vpmraTEjuGTgHRuOORQnC1GN3KHo5WB+hu1abRMA==",
      "cpu": [
        "arm64"
      ],
      "dev": true,
      "license": "MIT",
      "optional": true,
      "os": [
        "win32"
      ]
    },
    "node_modules/fsevents": {
      "version": "2.3.2",
      "resolved": "https://registry.npmjs.org/fsevents/-/fsevents-2.3.2.tgz",
      "integrity": "sha512-xiqMQR4xAeHTuB9uWm+fFRcIOgKBMiOBP+eXiyT7jsgVCq1bkVygt00oASowB7EdtpOHaaPgKt812P9ab+DDKA==",
      "hasInstallScript": true,
      "license": "MIT",
      "optional": true,
      "os": [
        "darwin"
      ],
      "engines": {
        "node": "^8.16.0 || ^10.6.0 || >=11.0.0"
      }
    },
    "node_modules/playwright": {
      "version": "1.60.0",
      "resolved": "https://registry.npmjs.org/playwright/-/playwright-1.60.0.tgz",
      "integrity": "sha512-hheHdokM8cdqCb0lcE3s+zT4t4W+vvjpGxsZlDnikarzx8tSzMebh3UiFtgqwFwnTnjYQcsyMF8ei2mCO/tpeA==",
      "license": "Apache-2.0",
      "dependencies": {
        "playwright-core": "1.60.0"
      },
      "bin": {
        "playwright": "cli.js"
      },
      "engines": {
        "node": ">=18"
      },
      "optionalDependencies": {
        "fsevents": "2.3.2"
      }
    },
    "node_modules/playwright-core": {
      "version": "1.60.0",
      "resolved": "https://registry.npmjs.org/playwright-core/-/playwright-core-1.60.0.tgz",
      "integrity": "sha512-9bW6zvX/m0lEbgTKJ6YppOKx8H3VOPBMOCFh2irXFOT4BbHgrx5hPjwJYLT40Lu+4qtD36qKc/Hn56StUW57IA==",
      "license": "Apache-2.0",
      "bin": {
        "playwright-core": "cli.js"
      },
      "engines": {
        "node": ">=18"
      }
    },
    "node_modules/turbo": {
      "version": "2.10.4",
      "resolved": "https://registry.npmjs.org/turbo/-/turbo-2.10.4.tgz",
      "integrity": "sha512-GQpduILaKjoaGljw097ScsSyKTtZSY7cZ3bJktzfTkPMyCf3ShKLuXK2IaOEN2Plziml+ArR7WJ1m+V4VbnaKQ==",
      "dev": true,
      "license": "MIT",
      "bin": {
        "turbo": "bin/turbo"
      },
      "optionalDependencies": {
        "@turbo/darwin-64": "2.10.4",
        "@turbo/darwin-arm64": "2.10.4",
        "@turbo/linux-64": "2.10.4",
        "@turbo/linux-arm64": "2.10.4",
        "@turbo/windows-64": "2.10.4",
        "@turbo/windows-arm64": "2.10.4"
      }
    }
  }
}
